
Microsoft Visual Studio Solution File, Format Version 12.00
# Visual Studio Version 18
VisualStudioVersion = 18.4.11620.152
MinimumVisualStudioVersion = 10.0.40219.1
Project("{FAE04EC0-301F-11D3-BF4B-00C04F79EFBC}") = "Bekos.Encryption.Demo", "Bekos.Encryption.Demo\Bekos.Encryption.Demo.csproj", "{76C654BB-90E1-96A1-ED59-A75DFB084124}"
EndProject
Project("{FAE04EC0-301F-11D3-BF4B-00C04F79EFBC}") = "Bekos.Encryption", "Bekos.Encryption\Bekos.Encryption.csproj", "{0D3B56E5-6107-4C87-8A13-9E79EE7B16BD}"
EndProject
Global
	GlobalSection(SolutionConfigurationPlatforms) = preSolution
		Debug|Any CPU = Debug|Any CPU
		Release|Any CPU = Release|Any CPU
	EndGlobalSection
	GlobalSection(ProjectConfigurationPlatforms) = postSolution
		{76C654BB-90E1-96A1-ED59-A75DFB084124}.Debug|Any CPU.ActiveCfg = Debug|Any CPU
		{76C654BB-90E1-96A1-ED59-A75DFB084124}.Debug|Any CPU.Build.0 = Debug|Any CPU
		{76C654BB-90E1-96A1-ED59-A75DFB084124}.Release|Any CPU.ActiveCfg = Release|Any CPU
		{76C654BB-90E1-96A1-ED59-A75DFB084124}.Release|Any CPU.Build.0 = Release|Any CPU
		{0D3B56E5-6107-4C87-8A13-9E79EE7B16BD}.Debug|Any CPU.ActiveCfg = Debug|Any CPU
		{0D3B56E5-6107-4C87-8A13-9E79EE7B16BD}.Debug|Any CPU.Build.0 = Debug|Any CPU
		{0D3B56E5-6107-4C87-8A13-9E79EE7B16BD}.Release|Any CPU.ActiveCfg = Release|Any CPU
		{0D3B56E5-6107-4C87-8A13-9E79EE7B16BD}.Release|Any CPU.Build.0 = Release|Any CPU
	EndGlobalSection
	GlobalSection(SolutionProperties) = preSolution
		HideSolutionNode = FALSE
	EndGlobalSection
	GlobalSection(ExtensibilityGlobals) = postSolution
		SolutionGuid = {E0A0E693-363D-47FE-8E9C-58DD6B279021}
	EndGlobalSection
EndGlobal
